
Microsoft Visual Studio Solution File, Format Version 12.00
# Visual Studio Version 17
VisualStudioVersion = 17.11.35327.3
MinimumVisualStudioVersion = 10.0.40219.1
Project("{FAE04EC0-301F-11D3-BF4B-00C04F79EFBC}") = "EnumerableExtensions", "EnumerableExtensions\EnumerableExtensions.csproj", "{482CF9E6-7C3C-4A68-9BE4-7221789A6DEF}"
EndProject
Project("{2150E333-8FDC-42A3-9474-1A3956D46DE8}") = "Solution Items", "Solution Items", "{BF8162FF-00C5-4ECE-80A9-CC5D1DF31F54}"
	ProjectSection(SolutionItems) = preProject
		.gitattributes = .gitattributes
		.gitignore = .gitignore
		Directory.Build.props = Directory.Build.props
	EndProjectSection
EndProject
Global
	GlobalSection(SolutionConfigurationPlatforms) = preSolution
		Debug|Any CPU = Debug|Any CPU
		Release|Any CPU = Release|Any CPU
	EndGlobalSection
	GlobalSection(ProjectConfigurationPlatforms) = postSolution
		{482CF9E6-7C3C-4A68-9BE4-7221789A6DEF}.Debug|Any CPU.ActiveCfg = Debug|Any CPU
		{482CF9E6-7C3C-4A68-9BE4-7221789A6DEF}.Debug|Any CPU.Build.0 = Debug|Any CPU
		{482CF9E6-7C3C-4A68-9BE4-7221789A6DEF}.Release|Any CPU.ActiveCfg = Release|Any CPU
		{482CF9E6-7C3C-4A68-9BE4-7221789A6DEF}.Release|Any CPU.Build.0 = Release|Any CPU
	EndGlobalSection
	GlobalSection(SolutionProperties) = preSolution
		HideSolutionNode = FALSE
	EndGlobalSection
	GlobalSection(ExtensibilityGlobals) = postSolution
		SolutionGuid = {A8FB28C4-E37C-4D37-BDE2-6ED84F2402C3}
	EndGlobalSection
EndGlobal
